
Microsoft Visual Studio Solution File, Format Version 12.00
# Visual Studio 15
VisualStudioVersion = 15.0.28307.271
MinimumVisualStudioVersion = 10.0.40219.1
Project("{FAE04EC0-301F-11D3-BF4B-00C04F79EFBC}") = "Crud_Pgsql", "Crud_Pgsql\Crud_Pgsql.csproj", "{7F901DEF-282E-4900-B7AF-4D4DB67B277B}"
EndProject
Global
	GlobalSection(SolutionConfigurationPlatforms) = preSolution
		Debug|Any CPU = Debug|Any CPU
		Release|Any CPU = Release|Any CPU
	EndGlobalSection
	GlobalSection(ProjectConfigurationPlatforms) = postSolution
		{7F901DEF-282E-4900-B7AF-4D4DB67B277B}.Debug|Any CPU.ActiveCfg = Debug|Any CPU
		{7F901DEF-282E-4900-B7AF-4D4DB67B277B}.Debug|Any CPU.Build.0 = Debug|Any CPU
		{7F901DEF-282E-4900-B7AF-4D4DB67B277B}.Release|Any CPU.ActiveCfg = Release|Any CPU
		{7F901DEF-282E-4900-B7AF-4D4DB67B277B}.Release|Any CPU.Build.0 = Release|Any CPU
	EndGlobalSection
	GlobalSection(SolutionProperties) = preSolution
		HideSolutionNode = FALSE
	EndGlobalSection
	GlobalSection(ExtensibilityGlobals) = postSolution
		SolutionGuid = {583483ED-B7A3-4BDD-A72D-E6FF42A4B38C}
	EndGlobalSection
EndGlobal
